{"is_source_file": false, "format": "", "description": "", "external_files": [], "external_methods": [], "published": [], "classes": [], "methods": [], "calls": [], "search-terms": [], "state": 2, "file_id": 10, "knowledge_revision": 24, "git_revision": "06f085359062dc500a7f0730754342b2fb50e2d0", "hash": "9c4ed7ef73e22b872b8055bec08b8979", "format-version": 4, "code-base-name": "default", "filename": "thirukkurallearnhub_web_app/post_process_status.lock", "revision_history": [{"24": "06f085359062dc500a7f0730754342b2fb50e2d0"}]}